
Microsoft Visual Studio Solution File, Format Version 12.00
# Visual Studio Version 16
VisualStudioVersion = 16.0.31911.196
MinimumVisualStudioVersion = 10.0.40219.1
Project("{FAE04EC0-301F-11D3-BF4B-00C04F79EFBC}") = "degisken", "degisken.csproj", "{5F8EF937-FCD5-405D-A9BC-924AE3DBB957}"
EndProject
Global
	GlobalSection(SolutionConfigurationPlatforms) = preSolution
		Debug|Any CPU = Debug|Any CPU
		Release|Any CPU = Release|Any CPU
	EndGlobalSection
	GlobalSection(ProjectConfigurationPlatforms) = postSolution
		{5F8EF937-FCD5-405D-A9BC-924AE3DBB957}.Debug|Any CPU.ActiveCfg = Debug|Any CPU
		{5F8EF937-FCD5-405D-A9BC-924AE3DBB957}.Debug|Any CPU.Build.0 = Debug|Any CPU
		{5F8EF937-FCD5-405D-A9BC-924AE3DBB957}.Release|Any CPU.ActiveCfg = Release|Any CPU
		{5F8EF937-FCD5-405D-A9BC-924AE3DBB957}.Release|Any CPU.Build.0 = Release|Any CPU
	EndGlobalSection
	GlobalSection(SolutionProperties) = preSolution
		HideSolutionNode = FALSE
	EndGlobalSection
	GlobalSection(ExtensibilityGlobals) = postSolution
		SolutionGuid = {34C8BE86-31E6-4729-A949-C21D783516B1}
	EndGlobalSection
EndGlobal
